// !$*UTF8*$!
{
	archiveVersion = 1;
	classes = {
	};
	objectVersion = 55;
	objects = {

/* Begin PBXBuildFile section */
		AEB1396E28A7BC8000FA5832 /* AppDelegate.swift in Sources */ = {isa = PBXBuildFile; fileRef = AEB1396D28A7BC8000FA5832 /* AppDelegate.swift */; };
		AEB1397028A7BC8000FA5832 /* SceneDelegate.swift in Sources */ = {isa = PBXBuildFile; fileRef = AEB1396F28A7BC8000FA5832 /* SceneDelegate.swift */; };
		AEB1397228A7BC8000FA5832 /* WeatherViewController.swift in Sources */ = {isa = PBXBuildFile; fileRef = AEB1397128A7BC8000FA5832 /* WeatherViewController.swift */; };
		AEB1397528A7BC8000FA5832 /* Main.storyboard in Resources */ = {isa = PBXBuildFile; fileRef = AEB1397328A7BC8000FA5832 /* Main.storyboard */; };
		AEB1397728A7BC8100FA5832 /* Assets.xcassets in Resources */ = {isa = PBXBuildFile; fileRef = AEB1397628A7BC8100FA5832 /* Assets.xcassets */; };
		AEB1397A28A7BC8100FA5832 /* LaunchScreen.storyboard in Resources */ = {isa = PBXBuildFile; fileRef = AEB1397828A7BC8100FA5832 /* LaunchScreen.storyboard */; };
		AEB1398328A7BCBD00FA5832 /* Alamofire in Frameworks */ = {isa = PBXBuildFile; productRef = AEB1398228A7BCBD00FA5832 /* Alamofire */; };
		AEB1398628A7BCCA00FA5832 /* SwiftyJSON in Frameworks */ = {isa = PBXBuildFile; productRef = AEB1398528A7BCCA00FA5832 /* SwiftyJSON */; };
		AEB1398928A7BCD400FA5832 /* Kingfisher in Frameworks */ = {isa = PBXBuildFile; productRef = AEB1398828A7BCD400FA5832 /* Kingfisher */; };
		AEB1398B28A7BCFF00FA5832 /* .gitignore in Resources */ = {isa = PBXBuildFile; fileRef = AEB1398A28A7BCFF00FA5832 /* .gitignore */; };
		AEB1398E28A7BD2600FA5832 /* APIKey.swift in Sources */ = {isa = PBXBuildFile; fileRef = AEB1398D28A7BD2600FA5832 /* APIKey.swift */; };
		AEB1399128A7BD7800FA5832 /* OpenWeatherAPIManager.swift in Sources */ = {isa = PBXBuildFile; fileRef = AEB1399028A7BD7800FA5832 /* OpenWeatherAPIManager.swift */; };
		AEB1399328A7BDFB00FA5832 /* URL.swift in Sources */ = {isa = PBXBuildFile; fileRef = AEB1399228A7BDFB00FA5832 /* URL.swift */; };
		AEB1399628A7BFE000FA5832 /* WeatherInfo.swift in Sources */ = {isa = PBXBuildFile; fileRef = AEB1399528A7BFE000FA5832 /* WeatherInfo.swift */; };
/* End PBXBuildFile section */

/* Begin PBXFileReference section */
		AEB1396A28A7BC8000FA5832 /* OpenWeather.app */ = {isa = PBXFileReference; explicitFileType = wrapper.application; includeInIndex = 0; path = OpenWeather.app; sourceTree = BUILT_PRODUCTS_DIR; };
		AEB1396D28A7BC8000FA5832 /* AppDelegate.swift */ = {isa = PBXFileReference; lastKnownFileType = sourcecode.swift; path = AppDelegate.swift; sourceTree = "<group>"; };
		AEB1396F28A7BC8000FA5832 /* SceneDelegate.swift */ = {isa = PBXFileReference; lastKnownFileType = sourcecode.swift; path = SceneDelegate.swift; sourceTree = "<group>"; };
		AEB1397128A7BC8000FA5832 /* WeatherViewController.swift */ = {isa = PBXFileReference; lastKnownFileType = sourcecode.swift; path = WeatherViewController.swift; sourceTree = "<group>"; };
		AEB1397428A7BC8000FA5832 /* Base */ = {isa = PBXFileReference; lastKnownFileType = file.storyboard; name = Base; path = Base.lproj/Main.storyboard; sourceTree = "<group>"; };
		AEB1397628A7BC8100FA5832 /* Assets.xcassets */ = {isa = PBXFileReference; lastKnownFileType = folder.assetcatalog; path = Assets.xcassets; sourceTree = "<group>"; };
		AEB1397928A7BC8100FA5832 /* Base */ = {isa = PBXFileReference; lastKnownFileType = file.storyboard; name = Base; path = Base.lproj/LaunchScreen.storyboard; sourceTree = "<group>"; };
		AEB1397B28A7BC8100FA5832 /* Info.plist */ = {isa = PBXFileReference; lastKnownFileType = text.plist.xml; path = Info.plist; sourceTree = "<group>"; };
		AEB1398A28A7BCFF00FA5832 /* .gitignore */ = {isa = PBXFileReference; lastKnownFileType = text; path = .gitignore; sourceTree = "<group>"; };
		AEB1398D28A7BD2600FA5832 /* APIKey.swift */ = {isa = PBXFileReference; lastKnownFileType = sourcecode.swift; path = APIKey.swift; sourceTree = "<group>"; };
		AEB1399028A7BD7800FA5832 /* OpenWeatherAPIManager.swift */ = {isa = PBXFileReference; lastKnownFileType = sourcecode.swift; path = OpenWeatherAPIManager.swift; sourceTree = "<group>"; };
		AEB1399228A7BDFB00FA5832 /* URL.swift */ = {isa = PBXFileReference; lastKnownFileType = sourcecode.swift; path = URL.swift; sourceTree = "<group>"; };
		AEB1399528A7BFE000FA5832 /* WeatherInfo.swift */ = {isa = PBXFileReference; lastKnownFileType = sourcecode.swift; path = WeatherInfo.swift; sourceTree = "<group>"; };
/* End PBXFileReference section */

/* Begin PBXFrameworksBuildPhase section */
		AEB1396728A7BC8000FA5832 /* Frameworks */ = {
			isa = PBXFrameworksBuildPhase;
			buildActionMask = 2147483647;
			files = (
				AEB1398928A7BCD400FA5832 /* Kingfisher in Frameworks */,
				AEB1398628A7BCCA00FA5832 /* SwiftyJSON in Frameworks */,
				AEB1398328A7BCBD00FA5832 /* Alamofire in Frameworks */,
			);
			runOnlyForDeploymentPostprocessing = 0;
		};
/* End PBXFrameworksBuildPhase section */

/* Begin PBXGroup section */
		AEB1396128A7BC8000FA5832 = {
			isa = PBXGroup;
			children = (
				AEB1398A28A7BCFF00FA5832 /* .gitignore */,
				AEB1396C28A7BC8000FA5832 /* OpenWeather */,
				AEB1396B28A7BC8000FA5832 /* Products */,
			);
			sourceTree = "<group>";
		};
		AEB1396B28A7BC8000FA5832 /* Products */ = {
			isa = PBXGroup;
			children = (
				AEB1396A28A7BC8000FA5832 /* OpenWeather.app */,
			);
			name = Products;
			sourceTree = "<group>";
		};
		AEB1396C28A7BC8000FA5832 /* OpenWeather */ = {
			isa = PBXGroup;
			children = (
				AEB1396D28A7BC8000FA5832 /* AppDelegate.swift */,
				AEB1396F28A7BC8000FA5832 /* SceneDelegate.swift */,
				AEB1397128A7BC8000FA5832 /* WeatherViewController.swift */,
				AEB1399428A7BFCC00FA5832 /* InfoStruct */,
				AEB1397328A7BC8000FA5832 /* Main.storyboard */,
				AEB1398F28A7BD6200FA5832 /* APIManager */,
				AEB1398C28A7BD1800FA5832 /* APIKey */,
				AEB1397628A7BC8100FA5832 /* Assets.xcassets */,
				AEB1397828A7BC8100FA5832 /* LaunchScreen.storyboard */,
				AEB1397B28A7BC8100FA5832 /* Info.plist */,
			);
			path = OpenWeather;
			sourceTree = "<group>";
		};
		AEB1398C28A7BD1800FA5832 /* APIKey */ = {
			isa = PBXGroup;
			children = (
				AEB1398D28A7BD2600FA5832 /* APIKey.swift */,
			);
			path = APIKey;
			sourceTree = "<group>";
		};
		AEB1398F28A7BD6200FA5832 /* APIManager */ = {
			isa = PBXGroup;
			children = (
				AEB1399028A7BD7800FA5832 /* OpenWeatherAPIManager.swift */,
				AEB1399228A7BDFB00FA5832 /* URL.swift */,
			);
			name = APIManager;
			sourceTree = "<group>";
		};
		AEB1399428A7BFCC00FA5832 /* InfoStruct */ = {
			isa = PBXGroup;
			children = (
				AEB1399528A7BFE000FA5832 /* WeatherInfo.swift */,
			);
			path = InfoStruct;
			sourceTree = "<group>";
		};
/* End PBXGroup section */

/* Begin PBXNativeTarget section */
		AEB1396928A7BC8000FA5832 /* OpenWeather */ = {
			isa = PBXNativeTarget;
			buildConfigurationList = AEB1397E28A7BC8100FA5832 /* Build configuration list for PBXNativeTarget "OpenWeather" */;
			buildPhases = (
				AEB1396628A7BC8000FA5832 /* Sources */,
				AEB1396728A7BC8000FA5832 /* Frameworks */,
				AEB1396828A7BC8000FA5832 /* Resources */,
			);
			buildRules = (
			);
			dependencies = (
			);
			name = OpenWeather;
			packageProductDependencies = (
				AEB1398228A7BCBD00FA5832 /* Alamofire */,
				AEB1398528A7BCCA00FA5832 /* SwiftyJSON */,
				AEB1398828A7BCD400FA5832 /* Kingfisher */,
			);
			productName = OpenWeather;
			productReference = AEB1396A28A7BC8000FA5832 /* OpenWeather.app */;
			productType = "com.apple.product-type.application";
		};
/* End PBXNativeTarget section */

/* Begin PBXProject section */
		AEB1396228A7BC8000FA5832 /* Project object */ = {
			isa = PBXProject;
			attributes = {
				BuildIndependentTargetsInParallel = 1;
				LastSwiftUpdateCheck = 1340;
				LastUpgradeCheck = 1340;
				TargetAttributes = {
					AEB1396928A7BC8000FA5832 = {
						CreatedOnToolsVersion = 13.4.1;
					};
				};
			};
			buildConfigurationList = AEB1396528A7BC8000FA5832 /* Build configuration list for PBXProject "OpenWeather" */;
			compatibilityVersion = "Xcode 13.0";
			developmentRegion = en;
			hasScannedForEncodings = 0;
			knownRegions = (
				en,
				Base,
			);
			mainGroup = AEB1396128A7BC8000FA5832;
			packageReferences = (
				AEB1398128A7BCBD00FA5832 /* XCRemoteSwiftPackageReference "Alamofire" */,
				AEB1398428A7BCCA00FA5832 /* XCRemoteSwiftPackageReference "SwiftyJSON" */,
				AEB1398728A7BCD400FA5832 /* XCRemoteSwiftPackageReference "Kingfisher" */,
			);
			productRefGroup = AEB1396B28A7BC8000FA5832 /* Products */;
			projectDirPath = "";
			projectRoot = "";
			targets = (
				AEB1396928A7BC8000FA5832 /* OpenWeather */,
			);
		};
/* End PBXProject section */

/* Begin PBXResourcesBuildPhase section */
		AEB1396828A7BC8000FA5832 /* Resources */ = {
			isa = PBXResourcesBuildPhase;
			buildActionMask = 2147483647;
			files = (
				AEB1398B28A7BCFF00FA5832 /* .gitignore in Resources */,
				AEB1397A28A7BC8100FA5832 /* LaunchScreen.storyboard in Resources */,
				AEB1397728A7BC8100FA5832 /* Assets.xcassets in Resources */,
				AEB1397528A7BC8000FA5832 /* Main.storyboard in Resources */,
			);
			runOnlyForDeploymentPostprocessing = 0;
		};
/* End PBXResourcesBuildPhase section */

/* Begin PBXSourcesBuildPhase section */
		AEB1396628A7BC8000FA5832 /* Sources */ = {
			isa = PBXSourcesBuildPhase;
			buildActionMask = 2147483647;
			files = (
				AEB1399628A7BFE000FA5832 /* WeatherInfo.swift in Sources */,
				AEB1397228A7BC8000FA5832 /* WeatherViewController.swift in Sources */,
				AEB1399128A7BD7800FA5832 /* OpenWeatherAPIManager.swift in Sources */,
				AEB1396E28A7BC8000FA5832 /* AppDelegate.swift in Sources */,
				AEB1398E28A7BD2600FA5832 /* APIKey.swift in Sources */,
				AEB1397028A7BC8000FA5832 /* SceneDelegate.swift in Sources */,
				AEB1399328A7BDFB00FA5832 /* URL.swift in Sources */,
			);
			runOnlyForDeploymentPostprocessing = 0;
		};
/* End PBXSourcesBuildPhase section */

/* Begin PBXVariantGroup section */
		AEB1397328A7BC8000FA5832 /* Main.storyboard */ = {
			isa = PBXVariantGroup;
			children = (
				AEB1397428A7BC8000FA5832 /* Base */,
			);
			name = Main.storyboard;
			sourceTree = "<group>";
		};
		AEB1397828A7BC8100FA5832 /* LaunchScreen.storyboard */ = {
			isa = PBXVariantGroup;
			children = (
				AEB1397928A7BC8100FA5832 /* Base */,
			);
			name = LaunchScreen.storyboard;
			sourceTree = "<group>";
		};
/* End PBXVariantGroup section */

/* Begin XCBuildConfiguration section */
		AEB1397C28A7BC8100FA5832 /* Debug */ = {
			isa = XCBuildConfiguration;
			buildSettings = {
				ALWAYS_SEARCH_USER_PATHS = NO;
				CLANG_ANALYZER_NONNULL = YES;
				CLANG_ANALYZER_NUMBER_OBJECT_CONVERSION = YES_AGGRESSIVE;
				CLANG_CXX_LANGUAGE_STANDARD = "gnu++17";
				CLANG_ENABLE_MODULES = YES;
				CLANG_ENABLE_OBJC_ARC = YES;
				CLANG_ENABLE_OBJC_WEAK = YES;
				CLANG_WARN_BLOCK_CAPTURE_AUTORELEASING = YES;
				CLANG_WARN_BOOL_CONVERSION = YES;
				CLANG_WARN_COMMA = YES;
				CLANG_WARN_CONSTANT_CONVERSION = YES;
				CLANG_WARN_DEPRECATED_OBJC_IMPLEMENTATIONS = YES;
				CLANG_WARN_DIRECT_OBJC_ISA_USAGE = YES_ERROR;
				CLANG_WARN_DOCUMENTATION_COMMENTS = YES;
				CLANG_WARN_EMPTY_BODY = YES;
				CLANG_WARN_ENUM_CONVERSION = YES;
				CLANG_WARN_INFINITE_RECURSION = YES;
				CLANG_WARN_INT_CONVERSION = YES;
				CLANG_WARN_NON_LITERAL_NULL_CONVERSION = YES;
				CLANG_WARN_OBJC_IMPLICIT_RETAIN_SELF = YES;
				CLANG_WARN_OBJC_LITERAL_CONVERSION = YES;
				CLANG_WARN_OBJC_ROOT_CLASS = YES_ERROR;
				CLANG_WARN_QUOTED_INCLUDE_IN_FRAMEWORK_HEADER = YES;
				CLANG_WARN_RANGE_LOOP_ANALYSIS = YES;
				CLANG_WARN_STRICT_PROTOTYPES = YES;
				CLANG_WARN_SUSPICIOUS_MOVE = YES;
				CLANG_WARN_UNGUARDED_AVAILABILITY = YES_AGGRESSIVE;
				CLANG_WARN_UNREACHABLE_CODE = YES;
				CLANG_WARN__DUPLICATE_METHOD_MATCH = YES;
				COPY_PHASE_STRIP = NO;
				DEBUG_INFORMATION_FORMAT = dwarf;
				ENABLE_STRICT_OBJC_MSGSEND = YES;
				ENABLE_TESTABILITY = YES;
				GCC_C_LANGUAGE_STANDARD = gnu11;
				GCC_DYNAMIC_NO_PIC = NO;
				GCC_NO_COMMON_BLOCKS = YES;
				GCC_OPTIMIZATION_LEVEL = 0;
				GCC_PREPROCESSOR_DEFINITIONS = (
					"DEBUG=1",
					"$(inherited)",
				);
				GCC_WARN_64_TO_32_BIT_CONVERSION = YES;
				GCC_WARN_ABOUT_RETURN_TYPE = YES_ERROR;
				GCC_WARN_UNDECLARED_SELECTOR = YES;
				GCC_WARN_UNINITIALIZED_AUTOS = YES_AGGRESSIVE;
				GCC_WARN_UNUSED_FUNCTION = YES;
				GCC_WARN_UNUSED_VARIABLE = YES;
				IPHONEOS_DEPLOYMENT_TARGET = 15.5;
				MTL_ENABLE_DEBUG_INFO = INCLUDE_SOURCE;
				MTL_FAST_MATH = YES;
				ONLY_ACTIVE_ARCH = YES;
				SDKROOT = iphoneos;
				SWIFT_ACTIVE_COMPILATION_CONDITIONS = DEBUG;
				SWIFT_OPTIMIZATION_LEVEL = "-Onone";
			};
			name = Debug;
		};
		AEB1397D28A7BC8100FA5832 /* Release */ = {
			isa = XCBuildConfiguration;
			buildSettings = {
				ALWAYS_SEARCH_USER_PATHS = NO;
				CLANG_ANALYZER_NONNULL = YES;
				CLANG_ANALYZER_NUMBER_OBJECT_CONVERSION = YES_AGGRESSIVE;
				CLANG_CXX_LANGUAGE_STANDARD = "gnu++17";
				CLANG_ENABLE_MODULES = YES;
				CLANG_ENABLE_OBJC_ARC = YES;
				CLANG_ENABLE_OBJC_WEAK = YES;
				CLANG_WARN_BLOCK_CAPTURE_AUTORELEASING = YES;
				CLANG_WARN_BOOL_CONVERSION = YES;
				CLANG_WARN_COMMA = YES;
				CLANG_WARN_CONSTANT_CONVERSION = YES;
				CLANG_WARN_DEPRECATED_OBJC_IMPLEMENTATIONS = YES;
				CLANG_WARN_DIRECT_OBJC_ISA_USAGE = YES_ERROR;
				CLANG_WARN_DOCUMENTATION_COMMENTS = YES;
				CLANG_WARN_EMPTY_BODY = YES;
				CLANG_WARN_ENUM_CONVERSION = YES;
				CLANG_WARN_INFINITE_RECURSION = YES;
				CLANG_WARN_INT_CONVERSION = YES;
				CLANG_WARN_NON_LITERAL_NULL_CONVERSION = YES;
				CLANG_WARN_OBJC_IMPLICIT_RETAIN_SELF = YES;
				CLANG_WARN_OBJC_LITERAL_CONVERSION = YES;
				CLANG_WARN_OBJC_ROOT_CLASS = YES_ERROR;
				CLANG_WARN_QUOTED_INCLUDE_IN_FRAMEWORK_HEADER = YES;
				CLANG_WARN_RANGE_LOOP_ANALYSIS = YES;
				CLANG_WARN_STRICT_PROTOTYPES = YES;
				CLANG_WARN_SUSPICIOUS_MOVE = YES;
				CLANG_WARN_UNGUARDED_AVAILABILITY = YES_AGGRESSIVE;
				CLANG_WARN_UNREACHABLE_CODE = YES;
				CLANG_WARN__DUPLICATE_METHOD_MATCH = YES;
				COPY_PHASE_STRIP = NO;
				DEBUG_INFORMATION_FORMAT = "dwarf-with-dsym";
				ENABLE_NS_ASSERTIONS = NO;
				ENABLE_STRICT_OBJC_MSGSEND = YES;
				GCC_C_LANGUAGE_STANDARD = gnu11;
				GCC_NO_COMMON_BLOCKS = YES;
				GCC_WARN_64_TO_32_BIT_CONVERSION = YES;
				GCC_WARN_ABOUT_RETURN_TYPE = YES_ERROR;
				GCC_WARN_UNDECLARED_SELECTOR = YES;
				GCC_WARN_UNINITIALIZED_AUTOS = YES_AGGRESSIVE;
				GCC_WARN_UNUSED_FUNCTION = YES;
				GCC_WARN_UNUSED_VARIABLE = YES;
				IPHONEOS_DEPLOYMENT_TARGET = 15.5;
				MTL_ENABLE_DEBUG_INFO = NO;
				MTL_FAST_MATH = YES;
				SDKROOT = iphoneos;
				SWIFT_COMPILATION_MODE = wholemodule;
				SWIFT_OPTIMIZATION_LEVEL = "-O";
				VALIDATE_PRODUCT = YES;
			};
			name = Release;
		};
		AEB1397F28A7BC8100FA5832 /* Debug */ = {
			isa = XCBuildConfiguration;
			buildSettings = {
				ASSETCATALOG_COMPILER_APPICON_NAME = AppIcon;
				ASSETCATALOG_COMPILER_GLOBAL_ACCENT_COLOR_NAME = AccentColor;
				CODE_SIGN_STYLE = Automatic;
				CURRENT_PROJECT_VERSION = 1;
				DEVELOPMENT_TEAM = B2VD6SF7B9;
				GENERATE_INFOPLIST_FILE = YES;
				INFOPLIST_FILE = OpenWeather/Info.plist;
				INFOPLIST_KEY_UIApplicationSupportsIndirectInputEvents = YES;
				INFOPLIST_KEY_UILaunchStoryboardName = LaunchScreen;
				INFOPLIST_KEY_UIMainStoryboardFile = Main;
				INFOPLIST_KEY_UISupportedInterfaceOrientations = UIInterfaceOrientationPortrait;
				INFOPLIST_KEY_UISupportedInterfaceOrientations_iPad = "UIInterfaceOrientationPortrait UIInterfaceOrientationPortraitUpsideDown UIInterfaceOrientationLandscapeLeft UIInterfaceOrientationLandscapeRight";
				INFOPLIST_KEY_UISupportedInterfaceOrientations_iPhone = "UIInterfaceOrientationPortrait UIInterfaceOrientationLandscapeLeft UIInterfaceOrientationLandscapeRight";
				LD_RUNPATH_SEARCH_PATHS = (
					"$(inherited)",
					"@executable_path/Frameworks",
				);
				MARKETING_VERSION = 1.0;
				PRODUCT_BUNDLE_IDENTIFIER = yeojin.SeSAC.OpenWeather;
				PRODUCT_NAME = "$(TARGET_NAME)";
				SWIFT_EMIT_LOC_STRINGS = YES;
				SWIFT_VERSION = 5.0;
				TARGETED_DEVICE_FAMILY = 1;
			};
			name = Debug;
		};
		AEB1398028A7BC8100FA5832 /* Release */ = {
			isa = XCBuildConfiguration;
			buildSettings = {
				ASSETCATALOG_COMPILER_APPICON_NAME = AppIcon;
				ASSETCATALOG_COMPILER_GLOBAL_ACCENT_COLOR_NAME = AccentColor;
				CODE_SIGN_STYLE = Automatic;
				CURRENT_PROJECT_VERSION = 1;
				DEVELOPMENT_TEAM = B2VD6SF7B9;
				GENERATE_INFOPLIST_FILE = YES;
				INFOPLIST_FILE = OpenWeather/Info.plist;
				INFOPLIST_KEY_UIApplicationSupportsIndirectInputEvents = YES;
				INFOPLIST_KEY_UILaunchStoryboardName = LaunchScreen;
				INFOPLIST_KEY_UIMainStoryboardFile = Main;
				INFOPLIST_KEY_UISupportedInterfaceOrientations = UIInterfaceOrientationPortrait;
				INFOPLIST_KEY_UISupportedInterfaceOrientations_iPad = "UIInterfaceOrientationPortrait UIInterfaceOrientationPortraitUpsideDown UIInterfaceOrientationLandscapeLeft UIInterfaceOrientationLandscapeRight";
				INFOPLIST_KEY_UISupportedInterfaceOrientations_iPhone = "UIInterfaceOrientationPortrait UIInterfaceOrientationLandscapeLeft UIInterfaceOrientationLandscapeRight";
				LD_RUNPATH_SEARCH_PATHS = (
					"$(inherited)",
					"@executable_path/Frameworks",
				);
				MARKETING_VERSION = 1.0;
				PRODUCT_BUNDLE_IDENTIFIER = yeojin.SeSAC.OpenWeather;
				PRODUCT_NAME = "$(TARGET_NAME)";
				SWIFT_EMIT_LOC_STRINGS = YES;
				SWIFT_VERSION = 5.0;
				TARGETED_DEVICE_FAMILY = 1;
			};
			name = Release;
		};
/* End XCBuildConfiguration section */

/* Begin XCConfigurationList section */
		AEB1396528A7BC8000FA5832 /* Build configuration list for PBXProject "OpenWeather" */ = {
			isa = XCConfigurationList;
			buildConfigurations = (
				AEB1397C28A7BC8100FA5832 /* Debug */,
				AEB1397D28A7BC8100FA5832 /* Release */,
			);
			defaultConfigurationIsVisible = 0;
			defaultConfigurationName = Release;
		};
		AEB1397E28A7BC8100FA5832 /* Build configuration list for PBXNativeTarget "OpenWeather" */ = {
			isa = XCConfigurationList;
			buildConfigurations = (
				AEB1397F28A7BC8100FA5832 /* Debug */,
				AEB1398028A7BC8100FA5832 /* Release */,
			);
			defaultConfigurationIsVisible = 0;
			defaultConfigurationName = Release;
		};
/* End XCConfigurationList section */

/* Begin XCRemoteSwiftPackageReference section */
		AEB1398128A7BCBD00FA5832 /* XCRemoteSwiftPackageReference "Alamofire" */ = {
			isa = XCRemoteSwiftPackageReference;
			repositoryURL = "https://github.com/Alamofire/Alamofire.git";
			requirement = {
				kind = upToNextMajorVersion;
				minimumVersion = 5.0.0;
			};
		};
		AEB1398428A7BCCA00FA5832 /* XCRemoteSwiftPackageReference "SwiftyJSON" */ = {
			isa = XCRemoteSwiftPackageReference;
			repositoryURL = "https://github.com/SwiftyJSON/SwiftyJSON.git";
			requirement = {
				kind = upToNextMajorVersion;
				minimumVersion = 5.0.0;
			};
		};
		AEB1398728A7BCD400FA5832 /* XCRemoteSwiftPackageReference "Kingfisher" */ = {
			isa = XCRemoteSwiftPackageReference;
			repositoryURL = "https://github.com/onevcat/Kingfisher.git";
			requirement = {
				kind = upToNextMajorVersion;
				minimumVersion = 7.0.0;
			};
		};
/* End XCRemoteSwiftPackageReference section */

/* Begin XCSwiftPackageProductDependency section */
		AEB1398228A7BCBD00FA5832 /* Alamofire */ = {
			isa = XCSwiftPackageProductDependency;
			package = AEB1398128A7BCBD00FA5832 /* XCRemoteSwiftPackageReference "Alamofire" */;
			productName = Alamofire;
		};
		AEB1398528A7BCCA00FA5832 /* SwiftyJSON */ = {
			isa = XCSwiftPackageProductDependency;
			package = AEB1398428A7BCCA00FA5832 /* XCRemoteSwiftPackageReference "SwiftyJSON" */;
			productName = SwiftyJSON;
		};
		AEB1398828A7BCD400FA5832 /* Kingfisher */ = {
			isa = XCSwiftPackageProductDependency;
			package = AEB1398728A7BCD400FA5832 /* XCRemoteSwiftPackageReference "Kingfisher" */;
			productName = Kingfisher;
		};
/* End XCSwiftPackageProductDependency section */
	};
	rootObject = AEB1396228A7BC8000FA5832 /* Project object */;
}
